
Microsoft Visual Studio Solution File, Format Version 12.00
# Visual Studio Version 17
VisualStudioVersion = 17.10.35013.160
MinimumVisualStudioVersion = 10.0.40219.1
Project("{FAE04EC0-301F-11D3-BF4B-00C04F79EFBC}") = "Courses", "Courses\Courses.csproj", "{1EECCB37-8A53-48CC-969E-2024B14CEB89}"
EndProject
Global
	GlobalSection(SolutionConfigurationPlatforms) = preSolution
		Debug|Any CPU = Debug|Any CPU
		Release|Any CPU = Release|Any CPU
	EndGlobalSection
	GlobalSection(ProjectConfigurationPlatforms) = postSolution
		{1EECCB37-8A53-48CC-969E-2024B14CEB89}.Debug|Any CPU.ActiveCfg = Debug|Any CPU
		{1EECCB37-8A53-48CC-969E-2024B14CEB89}.Debug|Any CPU.Build.0 = Debug|Any CPU
		{1EECCB37-8A53-48CC-969E-2024B14CEB89}.Release|Any CPU.ActiveCfg = Release|Any CPU
		{1EECCB37-8A53-48CC-969E-2024B14CEB89}.Release|Any CPU.Build.0 = Release|Any CPU
	EndGlobalSection
	GlobalSection(SolutionProperties) = preSolution
		HideSolutionNode = FALSE
	EndGlobalSection
	GlobalSection(ExtensibilityGlobals) = postSolution
		SolutionGuid = {6CF27B80-DF3C-4E2D-9F17-0BC7C1018D2A}
	EndGlobalSection
EndGlobal
